
Microsoft Visual Studio Solution File, Format Version 12.00
# Visual Studio Version 17
VisualStudioVersion = 17.5.33424.131
MinimumVisualStudioVersion = 10.0.40219.1
Project("{FAE04EC0-301F-11D3-BF4B-00C04F79EFBC}") = "TMS-FinalProject", "TMS-FinalProject\TMS-FinalProject.csproj", "{13E9CB52-36DB-42E5-B633-1AFE58BB2D6F}"
	ProjectSection(ProjectDependencies) = postProject
		{4543DF2E-BD29-4B1F-AE42-8036C5F695C2} = {4543DF2E-BD29-4B1F-AE42-8036C5F695C2}
	EndProjectSection
EndProject
Project("{FAE04EC0-301F-11D3-BF4B-00C04F79EFBC}") = "Databases", "Databases\Databases.csproj", "{4543DF2E-BD29-4B1F-AE42-8036C5F695C2}"
EndProject
Project("{FAE04EC0-301F-11D3-BF4B-00C04F79EFBC}") = "Services.Models", "Models\Services.Models.csproj", "{F75F38D7-51C8-4540-A416-9F807EEE1227}"
EndProject
Project("{FAE04EC0-301F-11D3-BF4B-00C04F79EFBC}") = "Services.Helper", "Services.Helper\Services.Helper.csproj", "{6D9211C2-CDE2-4DC4-BA56-1936A76E8181}"
EndProject
Project("{FAE04EC0-301F-11D3-BF4B-00C04F79EFBC}") = "Repositories", "Repositories\Repositories.csproj", "{366244B0-99D0-42E6-A043-CB1234C60393}"
	ProjectSection(ProjectDependencies) = postProject
		{4543DF2E-BD29-4B1F-AE42-8036C5F695C2} = {4543DF2E-BD29-4B1F-AE42-8036C5F695C2}
		{6D9211C2-CDE2-4DC4-BA56-1936A76E8181} = {6D9211C2-CDE2-4DC4-BA56-1936A76E8181}
		{F75F38D7-51C8-4540-A416-9F807EEE1227} = {F75F38D7-51C8-4540-A416-9F807EEE1227}
	EndProjectSection
EndProject
Global
	GlobalSection(SolutionConfigurationPlatforms) = preSolution
		Debug|Any CPU = Debug|Any CPU
		Release|Any CPU = Release|Any CPU
	EndGlobalSection
	GlobalSection(ProjectConfigurationPlatforms) = postSolution
		{13E9CB52-36DB-42E5-B633-1AFE58BB2D6F}.Debug|Any CPU.ActiveCfg = Debug|Any CPU
		{13E9CB52-36DB-42E5-B633-1AFE58BB2D6F}.Debug|Any CPU.Build.0 = Debug|Any CPU
		{13E9CB52-36DB-42E5-B633-1AFE58BB2D6F}.Release|Any CPU.ActiveCfg = Release|Any CPU
		{13E9CB52-36DB-42E5-B633-1AFE58BB2D6F}.Release|Any CPU.Build.0 = Release|Any CPU
		{4543DF2E-BD29-4B1F-AE42-8036C5F695C2}.Debug|Any CPU.ActiveCfg = Debug|Any CPU
		{4543DF2E-BD29-4B1F-AE42-8036C5F695C2}.Debug|Any CPU.Build.0 = Debug|Any CPU
		{4543DF2E-BD29-4B1F-AE42-8036C5F695C2}.Release|Any CPU.ActiveCfg = Release|Any CPU
		{4543DF2E-BD29-4B1F-AE42-8036C5F695C2}.Release|Any CPU.Build.0 = Release|Any CPU
		{F75F38D7-51C8-4540-A416-9F807EEE1227}.Debug|Any CPU.ActiveCfg = Debug|Any CPU
		{F75F38D7-51C8-4540-A416-9F807EEE1227}.Debug|Any CPU.Build.0 = Debug|Any CPU
		{F75F38D7-51C8-4540-A416-9F807EEE1227}.Release|Any CPU.ActiveCfg = Release|Any CPU
		{F75F38D7-51C8-4540-A416-9F807EEE1227}.Release|Any CPU.Build.0 = Release|Any CPU
		{6D9211C2-CDE2-4DC4-BA56-1936A76E8181}.Debug|Any CPU.ActiveCfg = Debug|Any CPU
		{6D9211C2-CDE2-4DC4-BA56-1936A76E8181}.Debug|Any CPU.Build.0 = Debug|Any CPU
		{6D9211C2-CDE2-4DC4-BA56-1936A76E8181}.Release|Any CPU.ActiveCfg = Release|Any CPU
		{6D9211C2-CDE2-4DC4-BA56-1936A76E8181}.Release|Any CPU.Build.0 = Release|Any CPU
		{366244B0-99D0-42E6-A043-CB1234C60393}.Debug|Any CPU.ActiveCfg = Debug|Any CPU
		{366244B0-99D0-42E6-A043-CB1234C60393}.Debug|Any CPU.Build.0 = Debug|Any CPU
		{366244B0-99D0-42E6-A043-CB1234C60393}.Release|Any CPU.ActiveCfg = Release|Any CPU
		{366244B0-99D0-42E6-A043-CB1234C60393}.Release|Any CPU.Build.0 = Release|Any CPU
	EndGlobalSection
	GlobalSection(SolutionProperties) = preSolution
		HideSolutionNode = FALSE
	EndGlobalSection
	GlobalSection(ExtensibilityGlobals) = postSolution
		SolutionGuid = {F39F20AD-D07E-4F32-B5CC-106C86BF4D32}
	EndGlobalSection
EndGlobal
